{
  "name": "chokidar",
  "version": "4.0.3",
  "lockfileVersion": 3,
  "requires": true,
  "packages": {
    "": {
      "name": "chokidar",
      "version": "4.0.3",
      "license": "MIT",
      "dependencies": {
        "readdirp": "4.1.2"
      },
      "devDependencies": {
        "@paulmillr/jsbt": "0.3.3",
        "@types/node": "22.10.10",
        "micro-should": "0.5.1",
        "prettier": "3.5.2",
        "tinyspy": "3.0.2",
        "typescript": "5.8.2",
        "upath": "2.0.1"
      },
      "engines": {
        "node": ">= 14.18.0"
      },
      "funding": {
        "url": "https://paulmillr.com/funding/"
      }
    },
    "node_modules/@paulmillr/jsbt": {
      "version": "0.3.3",
      "resolved": "https://registry.npmjs.org/@paulmillr/jsbt/-/jsbt-0.3.3.tgz",
      "integrity": "sha512-92Z78xwPjN1jjY4AHkaLWGuSk4ILQGJ2bEz0MzGJ6bYvl5dFHQMZR8irW7Myz+xpSbsST7d4ykjLPPaghI2apg==",
      "dev": true,
      "license": "MIT",
      "bin": {
        "jsbt": "jsbt.js"
      }
    },
    "node_modules/@types/node": {
      "version": "22.10.10",
      "resolved": "https://registry.npmjs.org/@types/node/-/node-22.10.10.tgz",
      "integrity": "sha512-X47y/mPNzxviAGY5TcYPtYL8JsY3kAq2n8fMmKoRCxq/c4v4pyGNCzM2R6+M5/umG4ZfHuT+sgqDYqWc9rJ6ww==",
      "dev": true,
      "license": "MIT",
      "dependencies": {
        "undici-types": "~6.20.0"
      }
    },
    "node_modules/micro-should": {
      "version": "0.5.1",
      "resolved": "https://registry.npmjs.org/micro-should/-/micro-should-0.5.1.tgz",
      "integrity": "sha512-i3BdNfiAf4PyEEjyxNO2Ex/C0V4ux9ZCKyxSbF6p/n9+UqhRsUbae8PfTM9Came91lGzJLEFlAtAEkY4eSpq6w==",
      "dev": true,
      "license": "MIT"
    },
    "node_modules/prettier": {
      "version": "3.5.2",
      "resolved": "https://registry.npmjs.org/prettier/-/prettier-3.5.2.tgz",
      "integrity": "sha512-lc6npv5PH7hVqozBR7lkBNOGXV9vMwROAPlumdBkX0wTbbzPu/U1hk5yL8p2pt4Xoc+2mkT8t/sow2YrV/M5qg==",
      "dev": true,
      "license": "MIT",
      "bin": {
        "prettier": "bin/prettier.cjs"
      },
      "engines": {
        "node": ">=14"
      },
      "funding": {
        "url": "https://github.com/prettier/prettier?sponsor=1"
      }
    },
    "node_modules/readdirp": {
      "version": "4.1.2",
      "resolved": "https://registry.npmjs.org/readdirp/-/readdirp-4.1.2.tgz",
      "integrity": "sha512-GDhwkLfywWL2s6vEjyhri+eXmfH6j1L7JE27WhqLeYzoh/A3DBaYGEj2H/HFZCn/kMfim73FXxEJTw06WtxQwg==",
      "license": "MIT",
      "engines": {
        "node": ">= 14.18.0"
      },
      "funding": {
        "type": "individual",
        "url": "https://paulmillr.com/funding/"
      }
    },
    "node_modules/tinyspy": {
      "version": "3.0.2",
      "resolved": "https://registry.npmjs.org/tinyspy/-/tinyspy-3.0.2.tgz",
      "integrity": "sha512-n1cw8k1k0x4pgA2+9XrOkFydTerNcJ1zWCO5Nn9scWHTD+5tp8dghT2x1uduQePZTZgd3Tupf+x9BxJjeJi77Q==",
      "dev": true,
      "license": "MIT",
      "engines": {
        "node": ">=14.0.0"
      }
    },
    "node_modules/typescript": {
      "version": "5.8.2",
      "resolved": "https://registry.npmjs.org/typescript/-/typescript-5.8.2.tgz",
      "integrity": "sha512-aJn6wq13/afZp/jT9QZmwEjDqqvSGp1VT5GVg+f/t6/oVyrgXM6BY1h9BRh/O5p3PlUPAe+WuiEZOmb/49RqoQ==",
      "dev": true,
      "license": "Apache-2.0",
      "bin": {
        "tsc": "bin/tsc",
        "tsserver": "bin/tsserver"
      },
      "engines": {
        "node": ">=14.17"
      }
    },
    "node_modules/undici-types": {
      "version": "6.20.0",
      "resolved": "https://registry.npmjs.org/undici-types/-/undici-types-6.20.0.tgz",
      "integrity": "sha512-Ny6QZ2Nju20vw1SRHe3d9jVu6gJ+4e3+MMpqu7pqE5HT6WsTSlce++GQmK5UXS8mzV8DSYHrQH+Xrf2jVcuKNg==",
      "dev": true,
      "license": "MIT"
    },
    "node_modules/upath": {
      "version": "2.0.1",
      "resolved": "https://registry.npmjs.org/upath/-/upath-2.0.1.tgz",
      "integrity": "sha512-1uEe95xksV1O0CYKXo8vQvN1JEbtJp7lb7C5U9HMsIp6IVwntkH/oNUzyVNQSd4S1sYk2FpSSW44FqMc8qee5w==",
      "dev": true,
      "license": "MIT",
      "engines": {
        "node": ">=4",
        "yarn": "*"
      }
    }
  }
}
