{
  "name": "chokidar",
  "version": "4.0.3",
  "lockfileVersion": 3,
  "requires": true,
  "packages": {
    "": {
      "name": "chokidar",
      "version": "4.0.3",
      "license": "MIT",
      "dependencies": {
        "readdirp": "^4.1.0"
      },
      "devDependencies": {
        "@paulmillr/jsbt": "0.2.1",
        "@types/node": "20.14.8",
        "@types/sinon": "^17.0.3",
        "micro-should": "0.5.0",
        "prettier": "3.1.1",
        "sinon": "12.0.1",
        "typescript": "5.5.2",
        "upath": "2.0.1"
      },
      "engines": {
        "node": ">= 14.18.0"
      },
      "funding": {
        "url": "https://paulmillr.com/funding/"
      }
    },
    "node_modules/@paulmillr/jsbt": {
      "version": "0.2.1",
      "resolved": "https://registry.npmjs.org/@paulmillr/jsbt/-/jsbt-0.2.1.tgz",
      "integrity": "sha512-4uC/Fa8L8oYjLNPKBqHKCwLv/47s/Asa4Z/rL584YvViPtlFdxBeCFX6knCZxX5gn6n+2YUdr50Q1sIuUNma5Q==",
      "dev": true,
      "license": "MIT",
      "bin": {
        "jsbt": "jsbt.js"
      }
    },
    "node_modules/@sinonjs/commons": {
      "version": "1.8.6",
      "resolved": "https://registry.npmjs.org/@sinonjs/commons/-/commons-1.8.6.tgz",
      "integrity": "sha512-Ky+XkAkqPZSm3NLBeUng77EBQl3cmeJhITaGHdYH8kjVB+aun3S4XBRti2zt17mtt0mIUDiNxYeoJm6drVvBJQ==",
      "dev": true,
      "license": "BSD-3-Clause",
      "dependencies": {
        "type-detect": "4.0.8"
      }
    },
    "node_modules/@sinonjs/commons/node_modules/type-detect": {
      "version": "4.0.8",
      "resolved": "https://registry.npmjs.org/type-detect/-/type-detect-4.0.8.tgz",
      "integrity": "sha512-0fr/mIH1dlO+x7TlcMy+bIDqKPsw/70tVyeHW787goQjhmqaZe10uwLujubK9q9Lg6Fiho1KUKDYz0Z7k7g5/g==",
      "dev": true,
      "license": "MIT",
      "engines": {
        "node": ">=4"
      }
    },
    "node_modules/@sinonjs/fake-timers": {
      "version": "8.1.0",
      "resolved": "https://registry.npmjs.org/@sinonjs/fake-timers/-/fake-timers-8.1.0.tgz",
      "integrity": "sha512-OAPJUAtgeINhh/TAlUID4QTs53Njm7xzddaVlEs/SXwgtiD1tW22zAB/W1wdqfrpmikgaWQ9Fw6Ws+hsiRm5Vg==",
      "dev": true,
      "license": "BSD-3-Clause",
      "dependencies": {
        "@sinonjs/commons": "^1.7.0"
      }
    },
    "node_modules/@sinonjs/samsam": {
      "version": "6.1.3",
      "resolved": "https://registry.npmjs.org/@sinonjs/samsam/-/samsam-6.1.3.tgz",
      "integrity": "sha512-nhOb2dWPeb1sd3IQXL/dVPnKHDOAFfvichtBf4xV00/rU1QbPCQqKMbvIheIjqwVjh7qIgf2AHTHi391yMOMpQ==",
      "dev": true,
      "license": "BSD-3-Clause",
      "dependencies": {
        "@sinonjs/commons": "^1.6.0",
        "lodash.get": "^4.4.2",
        "type-detect": "^4.0.8"
      }
    },
    "node_modules/@sinonjs/text-encoding": {
      "version": "0.7.3",
      "resolved": "https://registry.npmjs.org/@sinonjs/text-encoding/-/text-encoding-0.7.3.tgz",
      "integrity": "sha512-DE427ROAphMQzU4ENbliGYrBSYPXF+TtLg9S8vzeA+OF4ZKzoDdzfL8sxuMUGS/lgRhM6j1URSk9ghf7Xo1tyA==",
      "dev": true,
      "license": "(Unlicense OR Apache-2.0)"
    },
    "node_modules/@types/node": {
      "version": "20.14.8",
      "resolved": "https://registry.npmjs.org/@types/node/-/node-20.14.8.tgz",
      "integrity": "sha512-DO+2/jZinXfROG7j7WKFn/3C6nFwxy2lLpgLjEXJz+0XKphZlTLJ14mo8Vfg8X5BWN6XjyESXq+LcYdT7tR3bA==",
      "dev": true,
      "license": "MIT",
      "dependencies": {
        "undici-types": "~5.26.4"
      }
    },
    "node_modules/@types/sinon": {
      "version": "17.0.3",
      "resolved": "https://registry.npmjs.org/@types/sinon/-/sinon-17.0.3.tgz",
      "integrity": "sha512-j3uovdn8ewky9kRBG19bOwaZbexJu/XjtkHyjvUgt4xfPFz18dcORIMqnYh66Fx3Powhcr85NT5+er3+oViapw==",
      "dev": true,
      "license": "MIT",
      "dependencies": {
        "@types/sinonjs__fake-timers": "*"
      }
    },
    "node_modules/@types/sinonjs__fake-timers": {
      "version": "8.1.5",
      "resolved": "https://registry.npmjs.org/@types/sinonjs__fake-timers/-/sinonjs__fake-timers-8.1.5.tgz",
      "integrity": "sha512-mQkU2jY8jJEF7YHjHvsQO8+3ughTL1mcnn96igfhONmR+fUPSKIkefQYpSe8bsly2Ep7oQbn/6VG5/9/0qcArQ==",
      "dev": true,
      "license": "MIT"
    },
    "node_modules/diff": {
      "version": "5.2.0",
      "resolved": "https://registry.npmjs.org/diff/-/diff-5.2.0.tgz",
      "integrity": "sha512-uIFDxqpRZGZ6ThOk84hEfqWoHx2devRFvpTZcTHur85vImfaxUbTW9Ryh4CpCuDnToOP1CEtXKIgytHBPVff5A==",
      "dev": true,
      "license": "BSD-3-Clause",
      "engines": {
        "node": ">=0.3.1"
      }
    },
    "node_modules/has-flag": {
      "version": "4.0.0",
      "resolved": "https://registry.npmjs.org/has-flag/-/has-flag-4.0.0.tgz",
      "integrity": "sha512-EykJT/Q1KjTWctppgIAgfSO0tKVuZUjhgMr17kqTumMl6Afv3EISleU7qZUzoXDFTAHTDC4NOoG/ZxU3EvlMPQ==",
      "dev": true,
      "license": "MIT",
      "engines": {
        "node": ">=8"
      }
    },
    "node_modules/just-extend": {
      "version": "6.2.0",
      "resolved": "https://registry.npmjs.org/just-extend/-/just-extend-6.2.0.tgz",
      "integrity": "sha512-cYofQu2Xpom82S6qD778jBDpwvvy39s1l/hrYij2u9AMdQcGRpaBu6kY4mVhuno5kJVi1DAz4aiphA2WI1/OAw==",
      "dev": true,
      "license": "MIT"
    },
    "node_modules/lodash.get": {
      "version": "4.4.2",
      "resolved": "https://registry.npmjs.org/lodash.get/-/lodash.get-4.4.2.tgz",
      "integrity": "sha512-z+Uw/vLuy6gQe8cfaFWD7p0wVv8fJl3mbzXh33RS+0oW2wvUqiRXiQ69gLWSLpgB5/6sU+r6BlQR0MBILadqTQ==",
      "dev": true,
      "license": "MIT"
    },
    "node_modules/micro-should": {
      "version": "0.5.0",
      "resolved": "https://registry.npmjs.org/micro-should/-/micro-should-0.5.0.tgz",
      "integrity": "sha512-QNXbZnWK+bg42JQJiVRrYnyZ5YDPbzGWdRJnl/6n/5zxpcIyymHBS5WjBIN4UP4Az8qDdaPMdbUGhGNsqWvcHQ==",
      "dev": true,
      "license": "MIT"
    },
    "node_modules/nise": {
      "version": "5.1.9",
      "resolved": "https://registry.npmjs.org/nise/-/nise-5.1.9.tgz",
      "integrity": "sha512-qOnoujW4SV6e40dYxJOb3uvuoPHtmLzIk4TFo+j0jPJoC+5Z9xja5qH5JZobEPsa8+YYphMrOSwnrshEhG2qww==",
      "dev": true,
      "license": "BSD-3-Clause",
      "dependencies": {
        "@sinonjs/commons": "^3.0.0",
        "@sinonjs/fake-timers": "^11.2.2",
        "@sinonjs/text-encoding": "^0.7.2",
        "just-extend": "^6.2.0",
        "path-to-regexp": "^6.2.1"
      }
    },
    "node_modules/nise/node_modules/@sinonjs/commons": {
      "version": "3.0.1",
      "resolved": "https://registry.npmjs.org/@sinonjs/commons/-/commons-3.0.1.tgz",
      "integrity": "sha512-K3mCHKQ9sVh8o1C9cxkwxaOmXoAMlDxC1mYyHrjqOWEcBjYr76t96zL2zlj5dUGZ3HSw240X1qgH3Mjf1yJWpQ==",
      "dev": true,
      "license": "BSD-3-Clause",
      "dependencies": {
        "type-detect": "4.0.8"
      }
    },
    "node_modules/nise/node_modules/@sinonjs/fake-timers": {
      "version": "11.3.1",
      "resolved": "https://registry.npmjs.org/@sinonjs/fake-timers/-/fake-timers-11.3.1.tgz",
      "integrity": "sha512-EVJO7nW5M/F5Tur0Rf2z/QoMo+1Ia963RiMtapiQrEWvY0iBUvADo8Beegwjpnle5BHkyHuoxSTW3jF43H1XRA==",
      "dev": true,
      "license": "BSD-3-Clause",
      "dependencies": {
        "@sinonjs/commons": "^3.0.1"
      }
    },
    "node_modules/nise/node_modules/type-detect": {
      "version": "4.0.8",
      "resolved": "https://registry.npmjs.org/type-detect/-/type-detect-4.0.8.tgz",
      "integrity": "sha512-0fr/mIH1dlO+x7TlcMy+bIDqKPsw/70tVyeHW787goQjhmqaZe10uwLujubK9q9Lg6Fiho1KUKDYz0Z7k7g5/g==",
      "dev": true,
      "license": "MIT",
      "engines": {
        "node": ">=4"
      }
    },
    "node_modules/path-to-regexp": {
      "version": "6.3.0",
      "resolved": "https://registry.npmjs.org/path-to-regexp/-/path-to-regexp-6.3.0.tgz",
      "integrity": "sha512-Yhpw4T9C6hPpgPeA28us07OJeqZ5EzQTkbfwuhsUg0c237RomFoETJgmp2sa3F/41gfLE6G5cqcYwznmeEeOlQ==",
      "dev": true,
      "license": "MIT"
    },
    "node_modules/prettier": {
      "version": "3.1.1",
      "resolved": "https://registry.npmjs.org/prettier/-/prettier-3.1.1.tgz",
      "integrity": "sha512-22UbSzg8luF4UuZtzgiUOfcGM8s4tjBv6dJRT7j275NXsy2jb4aJa4NNveul5x4eqlF1wuhuR2RElK71RvmVaw==",
      "dev": true,
      "license": "MIT",
      "bin": {
        "prettier": "bin/prettier.cjs"
      },
      "engines": {
        "node": ">=14"
      },
      "funding": {
        "url": "https://github.com/prettier/prettier?sponsor=1"
      }
    },
    "node_modules/readdirp": {
      "version": "4.1.1",
      "resolved": "https://registry.npmjs.org/readdirp/-/readdirp-4.1.1.tgz",
      "integrity": "sha512-h80JrZu/MHUZCyHu5ciuoI0+WxsCxzxJTILn6Fs8rxSnFPh+UVHYfeIxK1nVGugMqkfC4vJcBOYbkfkwYK0+gw==",
      "license": "MIT",
      "engines": {
        "node": ">= 14.18.0"
      },
      "funding": {
        "type": "individual",
        "url": "https://paulmillr.com/funding/"
      }
    },
    "node_modules/sinon": {
      "version": "12.0.1",
      "resolved": "https://registry.npmjs.org/sinon/-/sinon-12.0.1.tgz",
      "integrity": "sha512-iGu29Xhym33ydkAT+aNQFBINakjq69kKO6ByPvTsm3yyIACfyQttRTP03aBP/I8GfhFmLzrnKwNNkr0ORb1udg==",
      "deprecated": "16.1.1",
      "dev": true,
      "license": "BSD-3-Clause",
      "dependencies": {
        "@sinonjs/commons": "^1.8.3",
        "@sinonjs/fake-timers": "^8.1.0",
        "@sinonjs/samsam": "^6.0.2",
        "diff": "^5.0.0",
        "nise": "^5.1.0",
        "supports-color": "^7.2.0"
      },
      "funding": {
        "type": "opencollective",
        "url": "https://opencollective.com/sinon"
      }
    },
    "node_modules/supports-color": {
      "version": "7.2.0",
      "resolved": "https://registry.npmjs.org/supports-color/-/supports-color-7.2.0.tgz",
      "integrity": "sha512-qpCAvRl9stuOHveKsn7HncJRvv501qIacKzQlO/+Lwxc9+0q2wLyv4Dfvt80/DPn2pqOBsJdDiogXGR9+OvwRw==",
      "dev": true,
      "license": "MIT",
      "dependencies": {
        "has-flag": "^4.0.0"
      },
      "engines": {
        "node": ">=8"
      }
    },
    "node_modules/type-detect": {
      "version": "4.1.0",
      "resolved": "https://registry.npmjs.org/type-detect/-/type-detect-4.1.0.tgz",
      "integrity": "sha512-Acylog8/luQ8L7il+geoSxhEkazvkslg7PSNKOX59mbB9cOveP5aq9h74Y7YU8yDpJwetzQQrfIwtf4Wp4LKcw==",
      "dev": true,
      "license": "MIT",
      "engines": {
        "node": ">=4"
      }
    },
    "node_modules/typescript": {
      "version": "5.5.2",
      "resolved": "https://registry.npmjs.org/typescript/-/typescript-5.5.2.tgz",
      "integrity": "sha512-NcRtPEOsPFFWjobJEtfihkLCZCXZt/os3zf8nTxjVH3RvTSxjrCamJpbExGvYOF+tFHc3pA65qpdwPbzjohhew==",
      "dev": true,
      "license": "Apache-2.0",
      "bin": {
        "tsc": "bin/tsc",
        "tsserver": "bin/tsserver"
      },
      "engines": {
        "node": ">=14.17"
      }
    },
    "node_modules/undici-types": {
      "version": "5.26.5",
      "resolved": "https://registry.npmjs.org/undici-types/-/undici-types-5.26.5.tgz",
      "integrity": "sha512-JlCMO+ehdEIKqlFxk6IfVoAUVmgz7cU7zD/h9XZ0qzeosSHmUJVOzSQvvYSYWXkFXC+IfLKSIffhv0sVZup6pA==",
      "dev": true,
      "license": "MIT"
    },
    "node_modules/upath": {
      "version": "2.0.1",
      "resolved": "https://registry.npmjs.org/upath/-/upath-2.0.1.tgz",
      "integrity": "sha512-1uEe95xksV1O0CYKXo8vQvN1JEbtJp7lb7C5U9HMsIp6IVwntkH/oNUzyVNQSd4S1sYk2FpSSW44FqMc8qee5w==",
      "dev": true,
      "license": "MIT",
      "engines": {
        "node": ">=4",
        "yarn": "*"
      }
    }
  }
}
